// !$*UTF8*$!
{
	archiveVersion = 1;
	classes = {
	};
	objectVersion = 50;
	objects = {

/* Begin PBXBuildFile section */
		FB50F1BD22865C5F0046CCA2 /* AppDelegate.swift in Sources */ = {isa = PBXBuildFile; fileRef = FB50F1BC22865C5F0046CCA2 /* AppDelegate.swift */; };
		FB50F1BF22865C5F0046CCA2 /* ViewController.swift in Sources */ = {isa = PBXBuildFile; fileRef = FB50F1BE22865C5F0046CCA2 /* ViewController.swift */; };
		FB50F1C222865C5F0046CCA2 /* Main.storyboard in Resources */ = {isa = PBXBuildFile; fileRef = FB50F1C022865C5F0046CCA2 /* Main.storyboard */; };
		FB50F1C422865C600046CCA2 /* Assets.xcassets in Resources */ = {isa = PBXBuildFile; fileRef = FB50F1C322865C600046CCA2 /* Assets.xcassets */; };
		FB50F1C722865C600046CCA2 /* LaunchScreen.storyboard in Resources */ = {isa = PBXBuildFile; fileRef = FB50F1C522865C600046CCA2 /* LaunchScreen.storyboard */; };
		FB50F1D222865C600046CCA2 /* _6031143201Tests.swift in Sources */ = {isa = PBXBuildFile; fileRef = FB50F1D122865C600046CCA2 /* _6031143201Tests.swift */; };
		FB50F1DD22865C600046CCA2 /* _6031143201UITests.swift in Sources */ = {isa = PBXBuildFile; fileRef = FB50F1DC22865C600046CCA2 /* _6031143201UITests.swift */; };
/* End PBXBuildFile section */

/* Begin PBXContainerItemProxy section */
		FB50F1CE22865C600046CCA2 /* PBXContainerItemProxy */ = {
			isa = PBXContainerItemProxy;
			containerPortal = FB50F1B122865C5F0046CCA2 /* Project object */;
			proxyType = 1;
			remoteGlobalIDString = FB50F1B822865C5F0046CCA2;
			remoteInfo = 16031143201;
		};
		FB50F1D922865C600046CCA2 /* PBXContainerItemProxy */ = {
			isa = PBXContainerItemProxy;
			containerPortal = FB50F1B122865C5F0046CCA2 /* Project object */;
			proxyType = 1;
			remoteGlobalIDString = FB50F1B822865C5F0046CCA2;
			remoteInfo = 16031143201;
		};
/* End PBXContainerItemProxy section */

/* Begin PBXFileReference section */
		FB50F1B922865C5F0046CCA2 /* 16031143201.app */ = {isa = PBXFileReference; explicitFileType = wrapper.application; includeInIndex = 0; path = 16031143201.app; sourceTree = BUILT_PRODUCTS_DIR; };
		FB50F1BC22865C5F0046CCA2 /* AppDelegate.swift */ = {isa = PBXFileReference; lastKnownFileType = sourcecode.swift; path = AppDelegate.swift; sourceTree = "<group>"; };
		FB50F1BE22865C5F0046CCA2 /* ViewController.swift */ = {isa = PBXFileReference; lastKnownFileType = sourcecode.swift; path = ViewController.swift; sourceTree = "<group>"; };
		FB50F1C122865C5F0046CCA2 /* Base */ = {isa = PBXFileReference; lastKnownFileType = file.storyboard; name = Base; path = Base.lproj/Main.storyboard; sourceTree = "<group>"; };
		FB50F1C322865C600046CCA2 /* Assets.xcassets */ = {isa = PBXFileReference; lastKnownFileType = folder.assetcatalog; path = Assets.xcassets; sourceTree = "<group>"; };
		FB50F1C622865C600046CCA2 /* Base */ = {isa = PBXFileReference; lastKnownFileType = file.storyboard; name = Base; path = Base.lproj/LaunchScreen.storyboard; sourceTree = "<group>"; };
		FB50F1C822865C600046CCA2 /* Info.plist */ = {isa = PBXFileReference; lastKnownFileType = text.plist.xml; path = Info.plist; sourceTree = "<group>"; };
		FB50F1CD22865C600046CCA2 /* 16031143201Tests.xctest */ = {isa = PBXFileReference; explicitFileType = wrapper.cfbundle; includeInIndex = 0; path = 16031143201Tests.xctest; sourceTree = BUILT_PRODUCTS_DIR; };
		FB50F1D122865C600046CCA2 /* _6031143201Tests.swift */ = {isa = PBXFileReference; lastKnownFileType = sourcecode.swift; path = _6031143201Tests.swift; sourceTree = "<group>"; };
		FB50F1D322865C600046CCA2 /* Info.plist */ = {isa = PBXFileReference; lastKnownFileType = text.plist.xml; path = Info.plist; sourceTree = "<group>"; };
		FB50F1D822865C600046CCA2 /* 16031143201UITests.xctest */ = {isa = PBXFileReference; explicitFileType = wrapper.cfbundle; includeInIndex = 0; path = 16031143201UITests.xctest; sourceTree = BUILT_PRODUCTS_DIR; };
		FB50F1DC22865C600046CCA2 /* _6031143201UITests.swift */ = {isa = PBXFileReference; lastKnownFileType = sourcecode.swift; path = _6031143201UITests.swift; sourceTree = "<group>"; };
		FB50F1DE22865C600046CCA2 /* Info.plist */ = {isa = PBXFileReference; lastKnownFileType = text.plist.xml; path = Info.plist; sourceTree = "<group>"; };
/* End PBXFileReference section */

/* Begin PBXFrameworksBuildPhase section */
		FB50F1B622865C5F0046CCA2 /* Frameworks */ = {
			isa = PBXFrameworksBuildPhase;
			buildActionMask = 2147483647;
			files = (
			);
			runOnlyForDeploymentPostprocessing = 0;
		};
		FB50F1CA22865C600046CCA2 /* Frameworks */ = {
			isa = PBXFrameworksBuildPhase;
			buildActionMask = 2147483647;
			files = (
			);
			runOnlyForDeploymentPostprocessing = 0;
		};
		FB50F1D522865C600046CCA2 /* Frameworks */ = {
			isa = PBXFrameworksBuildPhase;
			buildActionMask = 2147483647;
			files = (
			);
			runOnlyForDeploymentPostprocessing = 0;
		};
/* End PBXFrameworksBuildPhase section */

/* Begin PBXGroup section */
		FB50F1B022865C5F0046CCA2 = {
			isa = PBXGroup;
			children = (
				FB50F1BB22865C5F0046CCA2 /* 16031143201 */,
				FB50F1D022865C600046CCA2 /* 16031143201Tests */,
				FB50F1DB22865C600046CCA2 /* 16031143201UITests */,
				FB50F1BA22865C5F0046CCA2 /* Products */,
			);
			sourceTree = "<group>";
		};
		FB50F1BA22865C5F0046CCA2 /* Products */ = {
			isa = PBXGroup;
			children = (
				FB50F1B922865C5F0046CCA2 /* 16031143201.app */,
				FB50F1CD22865C600046CCA2 /* 16031143201Tests.xctest */,
				FB50F1D822865C600046CCA2 /* 16031143201UITests.xctest */,
			);
			name = Products;
			sourceTree = "<group>";
		};
		FB50F1BB22865C5F0046CCA2 /* 16031143201 */ = {
			isa = PBXGroup;
			children = (
				FB50F1BC22865C5F0046CCA2 /* AppDelegate.swift */,
				FB50F1BE22865C5F0046CCA2 /* ViewController.swift */,
				FB50F1C022865C5F0046CCA2 /* Main.storyboard */,
				FB50F1C322865C600046CCA2 /* Assets.xcassets */,
				FB50F1C522865C600046CCA2 /* LaunchScreen.storyboard */,
				FB50F1C822865C600046CCA2 /* Info.plist */,
			);
			path = 16031143201;
			sourceTree = "<group>";
		};
		FB50F1D022865C600046CCA2 /* 16031143201Tests */ = {
			isa = PBXGroup;
			children = (
				FB50F1D122865C600046CCA2 /* _6031143201Tests.swift */,
				FB50F1D322865C600046CCA2 /* Info.plist */,
			);
			path = 16031143201Tests;
			sourceTree = "<group>";
		};
		FB50F1DB22865C600046CCA2 /* 16031143201UITests */ = {
			isa = PBXGroup;
			children = (
				FB50F1DC22865C600046CCA2 /* _6031143201UITests.swift */,
				FB50F1DE22865C600046CCA2 /* Info.plist */,
			);
			path = 16031143201UITests;
			sourceTree = "<group>";
		};
/* End PBXGroup section */

/* Begin PBXNativeTarget section */
		FB50F1B822865C5F0046CCA2 /* 16031143201 */ = {
			isa = PBXNativeTarget;
			buildConfigurationList = FB50F1E122865C600046CCA2 /* Build configuration list for PBXNativeTarget "16031143201" */;
			buildPhases = (
				FB50F1B522865C5F0046CCA2 /* Sources */,
				FB50F1B622865C5F0046CCA2 /* Frameworks */,
				FB50F1B722865C5F0046CCA2 /* Resources */,
			);
			buildRules = (
			);
			dependencies = (
			);
			name = 16031143201;
			productName = 16031143201;
			productReference = FB50F1B922865C5F0046CCA2 /* 16031143201.app */;
			productType = "com.apple.product-type.application";
		};
		FB50F1CC22865C600046CCA2 /* 16031143201Tests */ = {
			isa = PBXNativeTarget;
			buildConfigurationList = FB50F1E422865C600046CCA2 /* Build configuration list for PBXNativeTarget "16031143201Tests" */;
			buildPhases = (
				FB50F1C922865C600046CCA2 /* Sources */,
				FB50F1CA22865C600046CCA2 /* Frameworks */,
				FB50F1CB22865C600046CCA2 /* Resources */,
			);
			buildRules = (
			);
			dependencies = (
				FB50F1CF22865C600046CCA2 /* PBXTargetDependency */,
			);
			name = 16031143201Tests;
			productName = 16031143201Tests;
			productReference = FB50F1CD22865C600046CCA2 /* 16031143201Tests.xctest */;
			productType = "com.apple.product-type.bundle.unit-test";
		};
		FB50F1D722865C600046CCA2 /* 16031143201UITests */ = {
			isa = PBXNativeTarget;
			buildConfigurationList = FB50F1E722865C600046CCA2 /* Build configuration list for PBXNativeTarget "16031143201UITests" */;
			buildPhases = (
				FB50F1D422865C600046CCA2 /* Sources */,
				FB50F1D522865C600046CCA2 /* Frameworks */,
				FB50F1D622865C600046CCA2 /* Resources */,
			);
			buildRules = (
			);
			dependencies = (
				FB50F1DA22865C600046CCA2 /* PBXTargetDependency */,
			);
			name = 16031143201UITests;
			productName = 16031143201UITests;
			productReference = FB50F1D822865C600046CCA2 /* 16031143201UITests.xctest */;
			productType = "com.apple.product-type.bundle.ui-testing";
		};
/* End PBXNativeTarget section */

/* Begin PBXProject section */
		FB50F1B122865C5F0046CCA2 /* Project object */ = {
			isa = PBXProject;
			attributes = {
				LastSwiftUpdateCheck = 1020;
				LastUpgradeCheck = 1020;
				ORGANIZATIONNAME = Zzx;
				TargetAttributes = {
					FB50F1B822865C5F0046CCA2 = {
						CreatedOnToolsVersion = 10.2.1;
					};
					FB50F1CC22865C600046CCA2 = {
						CreatedOnToolsVersion = 10.2.1;
						TestTargetID = FB50F1B822865C5F0046CCA2;
					};
					FB50F1D722865C600046CCA2 = {
						CreatedOnToolsVersion = 10.2.1;
						TestTargetID = FB50F1B822865C5F0046CCA2;
					};
				};
			};
			buildConfigurationList = FB50F1B422865C5F0046CCA2 /* Build configuration list for PBXProject "16031143201" */;
			compatibilityVersion = "Xcode 9.3";
			developmentRegion = en;
			hasScannedForEncodings = 0;
			knownRegions = (
				en,
				Base,
			);
			mainGroup = FB50F1B022865C5F0046CCA2;
			productRefGroup = FB50F1BA22865C5F0046CCA2 /* Products */;
			projectDirPath = "";
			projectRoot = "";
			targets = (
				FB50F1B822865C5F0046CCA2 /* 16031143201 */,
				FB50F1CC22865C600046CCA2 /* 16031143201Tests */,
				FB50F1D722865C600046CCA2 /* 16031143201UITests */,
			);
		};
/* End PBXProject section */

/* Begin PBXResourcesBuildPhase section */
		FB50F1B722865C5F0046CCA2 /* Resources */ = {
			isa = PBXResourcesBuildPhase;
			buildActionMask = 2147483647;
			files = (
				FB50F1C722865C600046CCA2 /* LaunchScreen.storyboard in Resources */,
				FB50F1C422865C600046CCA2 /* Assets.xcassets in Resources */,
				FB50F1C222865C5F0046CCA2 /* Main.storyboard in Resources */,
			);
			runOnlyForDeploymentPostprocessing = 0;
		};
		FB50F1CB22865C600046CCA2 /* Resources */ = {
			isa = PBXResourcesBuildPhase;
			buildActionMask = 2147483647;
			files = (
			);
			runOnlyForDeploymentPostprocessing = 0;
		};
		FB50F1D622865C600046CCA2 /* Resources */ = {
			isa = PBXResourcesBuildPhase;
			buildActionMask = 2147483647;
			files = (
			);
			runOnlyForDeploymentPostprocessing = 0;
		};
/* End PBXResourcesBuildPhase section */

/* Begin PBXSourcesBuildPhase section */
		FB50F1B522865C5F0046CCA2 /* Sources */ = {
			isa = PBXSourcesBuildPhase;
			buildActionMask = 2147483647;
			files = (
				FB50F1BF22865C5F0046CCA2 /* ViewController.swift in Sources */,
				FB50F1BD22865C5F0046CCA2 /* AppDelegate.swift in Sources */,
			);
			runOnlyForDeploymentPostprocessing = 0;
		};
		FB50F1C922865C600046CCA2 /* Sources */ = {
			isa = PBXSourcesBuildPhase;
			buildActionMask = 2147483647;
			files = (
				FB50F1D222865C600046CCA2 /* _6031143201Tests.swift in Sources */,
			);
			runOnlyForDeploymentPostprocessing = 0;
		};
		FB50F1D422865C600046CCA2 /* Sources */ = {
			isa = PBXSourcesBuildPhase;
			buildActionMask = 2147483647;
			files = (
				FB50F1DD22865C600046CCA2 /* _6031143201UITests.swift in Sources */,
			);
			runOnlyForDeploymentPostprocessing = 0;
		};
/* End PBXSourcesBuildPhase section */

/* Begin PBXTargetDependency section */
		FB50F1CF22865C600046CCA2 /* PBXTargetDependency */ = {
			isa = PBXTargetDependency;
			target = FB50F1B822865C5F0046CCA2 /* 16031143201 */;
			targetProxy = FB50F1CE22865C600046CCA2 /* PBXContainerItemProxy */;
		};
		FB50F1DA22865C600046CCA2 /* PBXTargetDependency */ = {
			isa = PBXTargetDependency;
			target = FB50F1B822865C5F0046CCA2 /* 16031143201 */;
			targetProxy = FB50F1D922865C600046CCA2 /* PBXContainerItemProxy */;
		};
/* End PBXTargetDependency section */

/* Begin PBXVariantGroup section */
		FB50F1C022865C5F0046CCA2 /* Main.storyboard */ = {
			isa = PBXVariantGroup;
			children = (
				FB50F1C122865C5F0046CCA2 /* Base */,
			);
			name = Main.storyboard;
			sourceTree = "<group>";
		};
		FB50F1C522865C600046CCA2 /* LaunchScreen.storyboard */ = {
			isa = PBXVariantGroup;
			children = (
				FB50F1C622865C600046CCA2 /* Base */,
			);
			name = LaunchScreen.storyboard;
			sourceTree = "<group>";
		};
/* End PBXVariantGroup section */

/* Begin XCBuildConfiguration section */
		FB50F1DF22865C600046CCA2 /* Debug */ = {
			isa = XCBuildConfiguration;
			buildSettings = {
				ALWAYS_SEARCH_USER_PATHS = NO;
				CLANG_ANALYZER_NONNULL = YES;
				CLANG_ANALYZER_NUMBER_OBJECT_CONVERSION = YES_AGGRESSIVE;
				CLANG_CXX_LANGUAGE_STANDARD = "gnu++14";
				CLANG_CXX_LIBRARY = "libc++";
				CLANG_ENABLE_MODULES = YES;
				CLANG_ENABLE_OBJC_ARC = YES;
				CLANG_ENABLE_OBJC_WEAK = YES;
				CLANG_WARN_BLOCK_CAPTURE_AUTORELEASING = YES;
				CLANG_WARN_BOOL_CONVERSION = YES;
				CLANG_WARN_COMMA = YES;
				CLANG_WARN_CONSTANT_CONVERSION = YES;
				CLANG_WARN_DEPRECATED_OBJC_IMPLEMENTATIONS = YES;
				CLANG_WARN_DIRECT_OBJC_ISA_USAGE = YES_ERROR;
				CLANG_WARN_DOCUMENTATION_COMMENTS = YES;
				CLANG_WARN_EMPTY_BODY = YES;
				CLANG_WARN_ENUM_CONVERSION = YES;
				CLANG_WARN_INFINITE_RECURSION = YES;
				CLANG_WARN_INT_CONVERSION = YES;
				CLANG_WARN_NON_LITERAL_NULL_CONVERSION = YES;
				CLANG_WARN_OBJC_IMPLICIT_RETAIN_SELF = YES;
				CLANG_WARN_OBJC_LITERAL_CONVERSION = YES;
				CLANG_WARN_OBJC_ROOT_CLASS = YES_ERROR;
				CLANG_WARN_RANGE_LOOP_ANALYSIS = YES;
				CLANG_WARN_STRICT_PROTOTYPES = YES;
				CLANG_WARN_SUSPICIOUS_MOVE = YES;
				CLANG_WARN_UNGUARDED_AVAILABILITY = YES_AGGRESSIVE;
				CLANG_WARN_UNREACHABLE_CODE = YES;
				CLANG_WARN__DUPLICATE_METHOD_MATCH = YES;
				CODE_SIGN_IDENTITY = "iPhone Developer";
				COPY_PHASE_STRIP = NO;
				DEBUG_INFORMATION_FORMAT = dwarf;
				ENABLE_STRICT_OBJC_MSGSEND = YES;
				ENABLE_TESTABILITY = YES;
				GCC_C_LANGUAGE_STANDARD = gnu11;
				GCC_DYNAMIC_NO_PIC = NO;
				GCC_NO_COMMON_BLOCKS = YES;
				GCC_OPTIMIZATION_LEVEL = 0;
				GCC_PREPROCESSOR_DEFINITIONS = (
					"DEBUG=1",
					"$(inherited)",
				);
				GCC_WARN_64_TO_32_BIT_CONVERSION = YES;
				GCC_WARN_ABOUT_RETURN_TYPE = YES_ERROR;
				GCC_WARN_UNDECLARED_SELECTOR = YES;
				GCC_WARN_UNINITIALIZED_AUTOS = YES_AGGRESSIVE;
				GCC_WARN_UNUSED_FUNCTION = YES;
				GCC_WARN_UNUSED_VARIABLE = YES;
				IPHONEOS_DEPLOYMENT_TARGET = 12.2;
				MTL_ENABLE_DEBUG_INFO = INCLUDE_SOURCE;
				MTL_FAST_MATH = YES;
				ONLY_ACTIVE_ARCH = YES;
				SDKROOT = iphoneos;
				SWIFT_ACTIVE_COMPILATION_CONDITIONS = DEBUG;
				SWIFT_OPTIMIZATION_LEVEL = "-Onone";
			};
			name = Debug;
		};
		FB50F1E022865C600046CCA2 /* Release */ = {
			isa = XCBuildConfiguration;
			buildSettings = {
				ALWAYS_SEARCH_USER_PATHS = NO;
				CLANG_ANALYZER_NONNULL = YES;
				CLANG_ANALYZER_NUMBER_OBJECT_CONVERSION = YES_AGGRESSIVE;
				CLANG_CXX_LANGUAGE_STANDARD = "gnu++14";
				CLANG_CXX_LIBRARY = "libc++";
				CLANG_ENABLE_MODULES = YES;
				CLANG_ENABLE_OBJC_ARC = YES;
				CLANG_ENABLE_OBJC_WEAK = YES;
				CLANG_WARN_BLOCK_CAPTURE_AUTORELEASING = YES;
				CLANG_WARN_BOOL_CONVERSION = YES;
				CLANG_WARN_COMMA = YES;
				CLANG_WARN_CONSTANT_CONVERSION = YES;
				CLANG_WARN_DEPRECATED_OBJC_IMPLEMENTATIONS = YES;
				CLANG_WARN_DIRECT_OBJC_ISA_USAGE = YES_ERROR;
				CLANG_WARN_DOCUMENTATION_COMMENTS = YES;
				CLANG_WARN_EMPTY_BODY = YES;
				CLANG_WARN_ENUM_CONVERSION = YES;
				CLANG_WARN_INFINITE_RECURSION = YES;
				CLANG_WARN_INT_CONVERSION = YES;
				CLANG_WARN_NON_LITERAL_NULL_CONVERSION = YES;
				CLANG_WARN_OBJC_IMPLICIT_RETAIN_SELF = YES;
				CLANG_WARN_OBJC_LITERAL_CONVERSION = YES;
				CLANG_WARN_OBJC_ROOT_CLASS = YES_ERROR;
				CLANG_WARN_RANGE_LOOP_ANALYSIS = YES;
				CLANG_WARN_STRICT_PROTOTYPES = YES;
				CLANG_WARN_SUSPICIOUS_MOVE = YES;
				CLANG_WARN_UNGUARDED_AVAILABILITY = YES_AGGRESSIVE;
				CLANG_WARN_UNREACHABLE_CODE = YES;
				CLANG_WARN__DUPLICATE_METHOD_MATCH = YES;
				CODE_SIGN_IDENTITY = "iPhone Developer";
				COPY_PHASE_STRIP = NO;
				DEBUG_INFORMATION_FORMAT = "dwarf-with-dsym";
				ENABLE_NS_ASSERTIONS = NO;
				ENABLE_STRICT_OBJC_MSGSEND = YES;
				GCC_C_LANGUAGE_STANDARD = gnu11;
				GCC_NO_COMMON_BLOCKS = YES;
				GCC_WARN_64_TO_32_BIT_CONVERSION = YES;
				GCC_WARN_ABOUT_RETURN_TYPE = YES_ERROR;
				GCC_WARN_UNDECLARED_SELECTOR = YES;
				GCC_WARN_UNINITIALIZED_AUTOS = YES_AGGRESSIVE;
				GCC_WARN_UNUSED_FUNCTION = YES;
				GCC_WARN_UNUSED_VARIABLE = YES;
				IPHONEOS_DEPLOYMENT_TARGET = 12.2;
				MTL_ENABLE_DEBUG_INFO = NO;
				MTL_FAST_MATH = YES;
				SDKROOT = iphoneos;
				SWIFT_COMPILATION_MODE = wholemodule;
				SWIFT_OPTIMIZATION_LEVEL = "-O";
				VALIDATE_PRODUCT = YES;
			};
			name = Release;
		};
		FB50F1E222865C600046CCA2 /* Debug */ = {
			isa = XCBuildConfiguration;
			buildSettings = {
				ASSETCATALOG_COMPILER_APPICON_NAME = AppIcon;
				CODE_SIGN_STYLE = Automatic;
				INFOPLIST_FILE = 16031143201/Info.plist;
				LD_RUNPATH_SEARCH_PATHS = (
					"$(inherited)",
					"@executable_path/Frameworks",
				);
				PRODUCT_BUNDLE_IDENTIFIER = "com.zzx.-6031143201";
				PRODUCT_NAME = "$(TARGET_NAME)";
				SWIFT_VERSION = 5.0;
				TARGETED_DEVICE_FAMILY = "1,2";
			};
			name = Debug;
		};
		FB50F1E322865C600046CCA2 /* Release */ = {
			isa = XCBuildConfiguration;
			buildSettings = {
				ASSETCATALOG_COMPILER_APPICON_NAME = AppIcon;
				CODE_SIGN_STYLE = Automatic;
				INFOPLIST_FILE = 16031143201/Info.plist;
				LD_RUNPATH_SEARCH_PATHS = (
					"$(inherited)",
					"@executable_path/Frameworks",
				);
				PRODUCT_BUNDLE_IDENTIFIER = "com.zzx.-6031143201";
				PRODUCT_NAME = "$(TARGET_NAME)";
				SWIFT_VERSION = 5.0;
				TARGETED_DEVICE_FAMILY = "1,2";
			};
			name = Release;
		};
		FB50F1E522865C600046CCA2 /* Debug */ = {
			isa = XCBuildConfiguration;
			buildSettings = {
				ALWAYS_EMBED_SWIFT_STANDARD_LIBRARIES = YES;
				BUNDLE_LOADER = "$(TEST_HOST)";
				CODE_SIGN_STYLE = Automatic;
				INFOPLIST_FILE = 16031143201Tests/Info.plist;
				LD_RUNPATH_SEARCH_PATHS = (
					"$(inherited)",
					"@executable_path/Frameworks",
					"@loader_path/Frameworks",
				);
				PRODUCT_BUNDLE_IDENTIFIER = "com.zzx.-6031143201Tests";
				PRODUCT_NAME = "$(TARGET_NAME)";
				SWIFT_VERSION = 5.0;
				TARGETED_DEVICE_FAMILY = "1,2";
				TEST_HOST = "$(BUILT_PRODUCTS_DIR)/16031143201.app/16031143201";
			};
			name = Debug;
		};
		FB50F1E622865C600046CCA2 /* Release */ = {
			isa = XCBuildConfiguration;
			buildSettings = {
				ALWAYS_EMBED_SWIFT_STANDARD_LIBRARIES = YES;
				BUNDLE_LOADER = "$(TEST_HOST)";
				CODE_SIGN_STYLE = Automatic;
				INFOPLIST_FILE = 16031143201Tests/Info.plist;
				LD_RUNPATH_SEARCH_PATHS = (
					"$(inherited)",
					"@executable_path/Frameworks",
					"@loader_path/Frameworks",
				);
				PRODUCT_BUNDLE_IDENTIFIER = "com.zzx.-6031143201Tests";
				PRODUCT_NAME = "$(TARGET_NAME)";
				SWIFT_VERSION = 5.0;
				TARGETED_DEVICE_FAMILY = "1,2";
				TEST_HOST = "$(BUILT_PRODUCTS_DIR)/16031143201.app/16031143201";
			};
			name = Release;
		};
		FB50F1E822865C600046CCA2 /* Debug */ = {
			isa = XCBuildConfiguration;
			buildSettings = {
				ALWAYS_EMBED_SWIFT_STANDARD_LIBRARIES = YES;
				CODE_SIGN_STYLE = Automatic;
				INFOPLIST_FILE = 16031143201UITests/Info.plist;
				LD_RUNPATH_SEARCH_PATHS = (
					"$(inherited)",
					"@executable_path/Frameworks",
					"@loader_path/Frameworks",
				);
				PRODUCT_BUNDLE_IDENTIFIER = "com.zzx.-6031143201UITests";
				PRODUCT_NAME = "$(TARGET_NAME)";
				SWIFT_VERSION = 5.0;
				TARGETED_DEVICE_FAMILY = "1,2";
				TEST_TARGET_NAME = 16031143201;
			};
			name = Debug;
		};
		FB50F1E922865C600046CCA2 /* Release */ = {
			isa = XCBuildConfiguration;
			buildSettings = {
				ALWAYS_EMBED_SWIFT_STANDARD_LIBRARIES = YES;
				CODE_SIGN_STYLE = Automatic;
				INFOPLIST_FILE = 16031143201UITests/Info.plist;
				LD_RUNPATH_SEARCH_PATHS = (
					"$(inherited)",
					"@executable_path/Frameworks",
					"@loader_path/Frameworks",
				);
				PRODUCT_BUNDLE_IDENTIFIER = "com.zzx.-6031143201UITests";
				PRODUCT_NAME = "$(TARGET_NAME)";
				SWIFT_VERSION = 5.0;
				TARGETED_DEVICE_FAMILY = "1,2";
				TEST_TARGET_NAME = 16031143201;
			};
			name = Release;
		};
/* End XCBuildConfiguration section */

/* Begin XCConfigurationList section */
		FB50F1B422865C5F0046CCA2 /* Build configuration list for PBXProject "16031143201" */ = {
			isa = XCConfigurationList;
			buildConfigurations = (
				FB50F1DF22865C600046CCA2 /* Debug */,
				FB50F1E022865C600046CCA2 /* Release */,
			);
			defaultConfigurationIsVisible = 0;
			defaultConfigurationName = Release;
		};
		FB50F1E122865C600046CCA2 /* Build configuration list for PBXNativeTarget "16031143201" */ = {
			isa = XCConfigurationList;
			buildConfigurations = (
				FB50F1E222865C600046CCA2 /* Debug */,
				FB50F1E322865C600046CCA2 /* Release */,
			);
			defaultConfigurationIsVisible = 0;
			defaultConfigurationName = Release;
		};
		FB50F1E422865C600046CCA2 /* Build configuration list for PBXNativeTarget "16031143201Tests" */ = {
			isa = XCConfigurationList;
			buildConfigurations = (
				FB50F1E522865C600046CCA2 /* Debug */,
				FB50F1E622865C600046CCA2 /* Release */,
			);
			defaultConfigurationIsVisible = 0;
			defaultConfigurationName = Release;
		};
		FB50F1E722865C600046CCA2 /* Build configuration list for PBXNativeTarget "16031143201UITests" */ = {
			isa = XCConfigurationList;
			buildConfigurations = (
				FB50F1E822865C600046CCA2 /* Debug */,
				FB50F1E922865C600046CCA2 /* Release */,
			);
			defaultConfigurationIsVisible = 0;
			defaultConfigurationName = Release;
		};
/* End XCConfigurationList section */
	};
	rootObject = FB50F1B122865C5F0046CCA2 /* Project object */;
}
